
Microsoft Visual Studio Solution File, Format Version 12.00
# Visual Studio Version 17
VisualStudioVersion = 17.0.31903.59
MinimumVisualStudioVersion = 10.0.40219.1
Project("{9A19103F-16F7-4668-BE54-9A1E7A4F7556}") = "App1", "App1\App1.csproj", "{65874B48-2E50-4FD4-9234-CD8DA014CEAF}"
EndProject
Project("{9A19103F-16F7-4668-BE54-9A1E7A4F7556}") = "App2", "App2\App2.csproj", "{D3A658AD-57EC-4C47-A236-B93DEE036813}"
EndProject
Project("{9A19103F-16F7-4668-BE54-9A1E7A4F7556}") = "App3", "App3\App3.csproj", "{60E6D886-DE05-4BD0-B5E2-07F10CFCC97C}"
EndProject
Global
	GlobalSection(SolutionConfigurationPlatforms) = preSolution
		Debug|Any CPU = Debug|Any CPU
		Release|Any CPU = Release|Any CPU
	EndGlobalSection
	GlobalSection(ProjectConfigurationPlatforms) = postSolution
		{65874B48-2E50-4FD4-9234-CD8DA014CEAF}.Debug|Any CPU.ActiveCfg = Debug|Any CPU
		{65874B48-2E50-4FD4-9234-CD8DA014CEAF}.Debug|Any CPU.Build.0 = Debug|Any CPU
		{65874B48-2E50-4FD4-9234-CD8DA014CEAF}.Release|Any CPU.ActiveCfg = Release|Any CPU
		{65874B48-2E50-4FD4-9234-CD8DA014CEAF}.Release|Any CPU.Build.0 = Release|Any CPU
		{D3A658AD-57EC-4C47-A236-B93DEE036813}.Debug|Any CPU.ActiveCfg = Debug|Any CPU
		{D3A658AD-57EC-4C47-A236-B93DEE036813}.Debug|Any CPU.Build.0 = Debug|Any CPU
		{D3A658AD-57EC-4C47-A236-B93DEE036813}.Release|Any CPU.ActiveCfg = Release|Any CPU
		{D3A658AD-57EC-4C47-A236-B93DEE036813}.Release|Any CPU.Build.0 = Release|Any CPU
		{60E6D886-DE05-4BD0-B5E2-07F10CFCC97C}.Debug|Any CPU.ActiveCfg = Debug|Any CPU
		{60E6D886-DE05-4BD0-B5E2-07F10CFCC97C}.Debug|Any CPU.Build.0 = Debug|Any CPU
		{60E6D886-DE05-4BD0-B5E2-07F10CFCC97C}.Release|Any CPU.ActiveCfg = Release|Any CPU
		{60E6D886-DE05-4BD0-B5E2-07F10CFCC97C}.Release|Any CPU.Build.0 = Release|Any CPU
	EndGlobalSection
	GlobalSection(SolutionProperties) = preSolution
		HideSolutionNode = FALSE
	EndGlobalSection
	GlobalSection(ExtensibilityGlobals) = postSolution
		SolutionGuid = {69BCE5AB-085F-4CA1-A52D-0031B328BD85}
	EndGlobalSection
EndGlobal
